
Microsoft Visual Studio Solution File, Format Version 12.00
# Visual Studio 14
VisualStudioVersion = 14.0.24720.0
MinimumVisualStudioVersion = 10.0.40219.1
Project("{FAE04EC0-301F-11D3-BF4B-00C04F79EFBC}") = "SAShahBiltySystem", "SAShahBiltySystem\SAShahBiltySystem.csproj", "{49A92988-E484-4DD1-BAF5-97171D6105A8}"
EndProject
Project("{FAE04EC0-301F-11D3-BF4B-00C04F79EFBC}") = "BLL", "BLL\BLL.csproj", "{F8CD0857-7507-4DA5-9CF2-E62DDEDDAE2D}"
EndProject
Project("{FAE04EC0-301F-11D3-BF4B-00C04F79EFBC}") = "DAL", "DAL\DAL.csproj", "{74E96ADE-2E9C-4B0B-993A-D39CBE73E9D1}"
EndProject
Global
	GlobalSection(SolutionConfigurationPlatforms) = preSolution
		Debug|Any CPU = Debug|Any CPU
		Release|Any CPU = Release|Any CPU
	EndGlobalSection
	GlobalSection(ProjectConfigurationPlatforms) = postSolution
		{49A92988-E484-4DD1-BAF5-97171D6105A8}.Debug|Any CPU.ActiveCfg = Debug|Any CPU
		{49A92988-E484-4DD1-BAF5-97171D6105A8}.Debug|Any CPU.Build.0 = Debug|Any CPU
		{49A92988-E484-4DD1-BAF5-97171D6105A8}.Release|Any CPU.ActiveCfg = Release|Any CPU
		{49A92988-E484-4DD1-BAF5-97171D6105A8}.Release|Any CPU.Build.0 = Release|Any CPU
		{F8CD0857-7507-4DA5-9CF2-E62DDEDDAE2D}.Debug|Any CPU.ActiveCfg = Debug|Any CPU
		{F8CD0857-7507-4DA5-9CF2-E62DDEDDAE2D}.Debug|Any CPU.Build.0 = Debug|Any CPU
		{F8CD0857-7507-4DA5-9CF2-E62DDEDDAE2D}.Release|Any CPU.ActiveCfg = Release|Any CPU
		{F8CD0857-7507-4DA5-9CF2-E62DDEDDAE2D}.Release|Any CPU.Build.0 = Release|Any CPU
		{74E96ADE-2E9C-4B0B-993A-D39CBE73E9D1}.Debug|Any CPU.ActiveCfg = Debug|Any CPU
		{74E96ADE-2E9C-4B0B-993A-D39CBE73E9D1}.Debug|Any CPU.Build.0 = Debug|Any CPU
		{74E96ADE-2E9C-4B0B-993A-D39CBE73E9D1}.Release|Any CPU.ActiveCfg = Release|Any CPU
		{74E96ADE-2E9C-4B0B-993A-D39CBE73E9D1}.Release|Any CPU.Build.0 = Release|Any CPU
	EndGlobalSection
	GlobalSection(SolutionProperties) = preSolution
		HideSolutionNode = FALSE
	EndGlobalSection
EndGlobal
